
Microsoft Visual Studio Solution File, Format Version 12.00
# Visual Studio Version 16
VisualStudioVersion = 16.0.30611.23
MinimumVisualStudioVersion = 10.0.40219.1
Project("{FAE04EC0-301F-11D3-BF4B-00C04F79EFBC}") = "zad1t", "zad1t\zad1t.csproj", "{546080FA-FBBE-4DF9-BC96-CBF17F8E0C5B}"
EndProject
Global
	GlobalSection(SolutionConfigurationPlatforms) = preSolution
		Debug|Any CPU = Debug|Any CPU
		Release|Any CPU = Release|Any CPU
	EndGlobalSection
	GlobalSection(ProjectConfigurationPlatforms) = postSolution
		{546080FA-FBBE-4DF9-BC96-CBF17F8E0C5B}.Debug|Any CPU.ActiveCfg = Debug|Any CPU
		{546080FA-FBBE-4DF9-BC96-CBF17F8E0C5B}.Debug|Any CPU.Build.0 = Debug|Any CPU
		{546080FA-FBBE-4DF9-BC96-CBF17F8E0C5B}.Release|Any CPU.ActiveCfg = Release|Any CPU
		{546080FA-FBBE-4DF9-BC96-CBF17F8E0C5B}.Release|Any CPU.Build.0 = Release|Any CPU
	EndGlobalSection
	GlobalSection(SolutionProperties) = preSolution
		HideSolutionNode = FALSE
	EndGlobalSection
	GlobalSection(ExtensibilityGlobals) = postSolution
		SolutionGuid = {3FA11FC5-1441-40AB-82FD-C7A14945CF40}
	EndGlobalSection
EndGlobal
